
Microsoft Visual Studio Solution File, Format Version 12.00
# Visual Studio Version 16
VisualStudioVersion = 16.0.31402.337
MinimumVisualStudioVersion = 10.0.40219.1
Project("{FAE04EC0-301F-11D3-BF4B-00C04F79EFBC}") = "IconService", "IconService.csproj", "{3949A5EF-9A8B-41A3-AB0A-C3E19C650D42}"
EndProject
Global
	GlobalSection(SolutionConfigurationPlatforms) = preSolution
		Debug|Any CPU = Debug|Any CPU
		Release|Any CPU = Release|Any CPU
	EndGlobalSection
	GlobalSection(ProjectConfigurationPlatforms) = postSolution
		{3949A5EF-9A8B-41A3-AB0A-C3E19C650D42}.Debug|Any CPU.ActiveCfg = Debug|Any CPU
		{3949A5EF-9A8B-41A3-AB0A-C3E19C650D42}.Debug|Any CPU.Build.0 = Debug|Any CPU
		{3949A5EF-9A8B-41A3-AB0A-C3E19C650D42}.Release|Any CPU.ActiveCfg = Release|Any CPU
		{3949A5EF-9A8B-41A3-AB0A-C3E19C650D42}.Release|Any CPU.Build.0 = Release|Any CPU
	EndGlobalSection
	GlobalSection(SolutionProperties) = preSolution
		HideSolutionNode = FALSE
	EndGlobalSection
	GlobalSection(ExtensibilityGlobals) = postSolution
		SolutionGuid = {0BFD08B9-7ACA-49E8-96E5-84BC1161B001}
	EndGlobalSection
EndGlobal
