
Microsoft Visual Studio Solution File, Format Version 12.00
# Visual Studio Version 16
VisualStudioVersion = 16.0.31112.23
MinimumVisualStudioVersion = 10.0.40219.1
Project("{9A19103F-16F7-4668-BE54-9A1E7A4F7556}") = "WeatherSite", "Site\WeatherSite.csproj", "{F85C1FE0-4396-4413-BB4A-5373D954D811}"
EndProject
Project("{9A19103F-16F7-4668-BE54-9A1E7A4F7556}") = "GrpcCitiesClient", "GrpcCitiesClient\GrpcCitiesClient.csproj", "{FF845D7C-EBD9-476E-8895-0F6373D0DC92}"
EndProject
Global
	GlobalSection(SolutionConfigurationPlatforms) = preSolution
		Debug|Any CPU = Debug|Any CPU
		Release|Any CPU = Release|Any CPU
	EndGlobalSection
	GlobalSection(ProjectConfigurationPlatforms) = postSolution
		{F85C1FE0-4396-4413-BB4A-5373D954D811}.Debug|Any CPU.ActiveCfg = Debug|Any CPU
		{F85C1FE0-4396-4413-BB4A-5373D954D811}.Debug|Any CPU.Build.0 = Debug|Any CPU
		{F85C1FE0-4396-4413-BB4A-5373D954D811}.Release|Any CPU.ActiveCfg = Release|Any CPU
		{F85C1FE0-4396-4413-BB4A-5373D954D811}.Release|Any CPU.Build.0 = Release|Any CPU
		{FF845D7C-EBD9-476E-8895-0F6373D0DC92}.Debug|Any CPU.ActiveCfg = Debug|Any CPU
		{FF845D7C-EBD9-476E-8895-0F6373D0DC92}.Debug|Any CPU.Build.0 = Debug|Any CPU
		{FF845D7C-EBD9-476E-8895-0F6373D0DC92}.Release|Any CPU.ActiveCfg = Release|Any CPU
		{FF845D7C-EBD9-476E-8895-0F6373D0DC92}.Release|Any CPU.Build.0 = Release|Any CPU
	EndGlobalSection
	GlobalSection(SolutionProperties) = preSolution
		HideSolutionNode = FALSE
	EndGlobalSection
	GlobalSection(ExtensibilityGlobals) = postSolution
		SolutionGuid = {A5E419EE-BDCF-4D84-BF9E-BEFD9DE1445C}
	EndGlobalSection
EndGlobal
