
Microsoft Visual Studio Solution File, Format Version 12.00
# Visual Studio Version 17
VisualStudioVersion = 17.4.32804.182
MinimumVisualStudioVersion = 10.0.40219.1
Project("{2150E333-8FDC-42A3-9474-1A3956D46DE8}") = "CitiesService", "CitiesService", "{BF28A311-0770-4849-9794-414C4BA3EFCD}"
EndProject
Project("{9A19103F-16F7-4668-BE54-9A1E7A4F7556}") = "CitiesService.Application", "CitiesService\Application\CitiesService.Application.csproj", "{BD832CF4-90DB-49DC-A079-6CE1F1B6D8DE}"
EndProject
Project("{9A19103F-16F7-4668-BE54-9A1E7A4F7556}") = "CitiesGrpcService", "CitiesService\CitiesGrpcService\CitiesGrpcService.csproj", "{C6EFCDD0-0D1B-43FB-888B-F5EB122F0166}"
EndProject
Project("{9A19103F-16F7-4668-BE54-9A1E7A4F7556}") = "CitiesService", "CitiesService\CitiesService\CitiesService.csproj", "{9A74A16E-CF69-4135-B850-662F56A93F21}"
EndProject
Project("{9A19103F-16F7-4668-BE54-9A1E7A4F7556}") = "CitiesService.Domain", "CitiesService\Domain\CitiesService.Domain.csproj", "{9AF1BD8F-B540-4772-913D-53BBD85D35B7}"
EndProject
Project("{9A19103F-16F7-4668-BE54-9A1E7A4F7556}") = "CitiesService.Infrastructure", "CitiesService\Infrastructure.Persistence\CitiesService.Infrastructure.csproj", "{8F161E63-2B31-4ADE-B3B7-8E8AD969983D}"
EndProject
Project("{2150E333-8FDC-42A3-9474-1A3956D46DE8}") = "EmailService", "EmailService", "{9E0A53BA-21EB-4298-9579-A0FD9094447C}"
EndProject
Project("{9A19103F-16F7-4668-BE54-9A1E7A4F7556}") = "EmailService", "EmailService\EmailService.csproj", "{764F3BF3-6F3B-43AE-A358-52153A5DB47E}"
EndProject
Project("{2150E333-8FDC-42A3-9474-1A3956D46DE8}") = "Gateway", "Gateway", "{DE008914-924A-4B17-9D99-8D214E62A72F}"
EndProject
Project("{9A19103F-16F7-4668-BE54-9A1E7A4F7556}") = "Gateway", "Gateway\Gateway.csproj", "{191CD118-1C46-4D6B-B23A-2F0135327556}"
EndProject
Project("{2150E333-8FDC-42A3-9474-1A3956D46DE8}") = "IconService", "IconService", "{50C315C1-E61B-44B5-A120-621C410BF7B5}"
EndProject
Project("{9A19103F-16F7-4668-BE54-9A1E7A4F7556}") = "IconService", "IconService\IconService.csproj", "{0D55BCA1-9AAD-4FFA-A19D-AD82C8BE460B}"
EndProject
Project("{2150E333-8FDC-42A3-9474-1A3956D46DE8}") = "MQModels", "MQModels", "{9DA46D96-AA74-4A22-A7A3-1906F14D0B68}"
EndProject
Project("{9A19103F-16F7-4668-BE54-9A1E7A4F7556}") = "MQModels", "MQModels\MQModels.csproj", "{DFE7C1D1-E8A8-4416-A758-C4FFE0E48448}"
EndProject
Project("{2150E333-8FDC-42A3-9474-1A3956D46DE8}") = "SignalRServer", "SignalRServer", "{2F4D5288-E6CC-458E-8625-38C357A971A4}"
EndProject
Project("{9A19103F-16F7-4668-BE54-9A1E7A4F7556}") = "SignalRServer", "SignalRServer\SignalRServer.csproj", "{4F3674D4-72A4-4949-B4F1-FD7358632919}"
EndProject
Project("{2150E333-8FDC-42A3-9474-1A3956D46DE8}") = "WeatherHistoryService", "WeatherHistoryService", "{9C5A95E2-5FFB-4E5D-9826-D887A8CCAB46}"
EndProject
Project("{9A19103F-16F7-4668-BE54-9A1E7A4F7556}") = "WeatherHistoryService", "WeatherHistoryService\WeatherHistoryService.csproj", "{53E7C0A7-1F92-4C66-9E02-CF25EB609740}"
EndProject
Project("{2150E333-8FDC-42A3-9474-1A3956D46DE8}") = "WeatherService", "WeatherService", "{22C78D27-F77C-49F1-BB60-A5A68AC666E8}"
EndProject
Project("{9A19103F-16F7-4668-BE54-9A1E7A4F7556}") = "WeatherService", "WeatherService\WeatherService.csproj", "{8B55C627-6B19-4F82-A0A4-2B53E2D318AF}"
EndProject
Project("{2150E333-8FDC-42A3-9474-1A3956D46DE8}") = "WeatherSite", "WeatherSite", "{595A9886-3F21-40AA-B95D-C828ECBA20D5}"
EndProject
Project("{9A19103F-16F7-4668-BE54-9A1E7A4F7556}") = "GrpcCitiesClient", "WeatherSite\GrpcCitiesClient\GrpcCitiesClient.csproj", "{FAB4F471-CA8B-44EF-BCD8-546356DA4E22}"
EndProject
Project("{9A19103F-16F7-4668-BE54-9A1E7A4F7556}") = "WeatherSite", "WeatherSite\Site\WeatherSite.csproj", "{FEF998A2-BA3B-42BD-84DE-A7D92FC12645}"
EndProject
Project("{9A19103F-16F7-4668-BE54-9A1E7A4F7556}") = "Models", "EmailService\Models\Models.csproj", "{31D05EDF-635E-4220-B88E-949FAD3E1F19}"
EndProject
Project("{2150E333-8FDC-42A3-9474-1A3956D46DE8}") = "_build", "_build", "{0758D8DD-8ECB-40A2-9876-A5C8A638FE32}"
	ProjectSection(SolutionItems) = preProject
		docker-compose.yml = docker-compose.yml
		publish.bat = publish.bat
	EndProjectSection
EndProject
Project("{9A19103F-16F7-4668-BE54-9A1E7A4F7556}") = "IconService.Test", "IconService\IconService.Test\IconService.Test.csproj", "{EF48DAF8-769E-4D86-8E99-F0AA748B418E}"
EndProject
Project("{9A19103F-16F7-4668-BE54-9A1E7A4F7556}") = "IconService.Application", "IconService.Application\IconService.Application.csproj", "{04343A9D-40FE-4237-89D1-29769C72B6A0}"
EndProject
Project("{9A19103F-16F7-4668-BE54-9A1E7A4F7556}") = "IconService.Domain", "IconService.Domain\IconService.Domain.csproj", "{E43AC6C2-D899-40C6-90AE-1EEF4C2B886A}"
EndProject
Project("{9A19103F-16F7-4668-BE54-9A1E7A4F7556}") = "IconService.Infrastructure", "IconService.Infrastructure\IconService.Infrastructure.csproj", "{A3A71D8A-5355-4EA1-8E9A-B7DAE05544D0}"
EndProject
Project("{9A19103F-16F7-4668-BE54-9A1E7A4F7556}") = "IconService.Contracts", "IconService.Contracts\IconService.Contracts.csproj", "{3DE96069-D6DB-441B-9D89-6B10D3DF9DAE}"
EndProject
Project("{FAE04EC0-301F-11D3-BF4B-00C04F79EFBC}") = "Common.Presentation", "Common\Common.Presentation.csproj", "{BF002817-C874-41B6-9BB1-F4A3CD4C151C}"
EndProject
Project("{2150E333-8FDC-42A3-9474-1A3956D46DE8}") = "Commons", "Commons", "{9C1ACAA5-6F2E-447E-B6A1-E2B49A0F1E0A}"
EndProject
Project("{FAE04EC0-301F-11D3-BF4B-00C04F79EFBC}") = "Common.Application", "Common.Application\Common.Application.csproj", "{F6AEB848-BF0D-434F-B39E-B3666DF3371F}"
EndProject
Global
	GlobalSection(SolutionConfigurationPlatforms) = preSolution
		Debug|Any CPU = Debug|Any CPU
		Release|Any CPU = Release|Any CPU
	EndGlobalSection
	GlobalSection(ProjectConfigurationPlatforms) = postSolution
		{BD832CF4-90DB-49DC-A079-6CE1F1B6D8DE}.Debug|Any CPU.ActiveCfg = Debug|Any CPU
		{BD832CF4-90DB-49DC-A079-6CE1F1B6D8DE}.Debug|Any CPU.Build.0 = Debug|Any CPU
		{BD832CF4-90DB-49DC-A079-6CE1F1B6D8DE}.Release|Any CPU.ActiveCfg = Release|Any CPU
		{BD832CF4-90DB-49DC-A079-6CE1F1B6D8DE}.Release|Any CPU.Build.0 = Release|Any CPU
		{C6EFCDD0-0D1B-43FB-888B-F5EB122F0166}.Debug|Any CPU.ActiveCfg = Debug|Any CPU
		{C6EFCDD0-0D1B-43FB-888B-F5EB122F0166}.Debug|Any CPU.Build.0 = Debug|Any CPU
		{C6EFCDD0-0D1B-43FB-888B-F5EB122F0166}.Release|Any CPU.ActiveCfg = Release|Any CPU
		{C6EFCDD0-0D1B-43FB-888B-F5EB122F0166}.Release|Any CPU.Build.0 = Release|Any CPU
		{9A74A16E-CF69-4135-B850-662F56A93F21}.Debug|Any CPU.ActiveCfg = Debug|Any CPU
		{9A74A16E-CF69-4135-B850-662F56A93F21}.Debug|Any CPU.Build.0 = Debug|Any CPU
		{9A74A16E-CF69-4135-B850-662F56A93F21}.Release|Any CPU.ActiveCfg = Release|Any CPU
		{9A74A16E-CF69-4135-B850-662F56A93F21}.Release|Any CPU.Build.0 = Release|Any CPU
		{9AF1BD8F-B540-4772-913D-53BBD85D35B7}.Debug|Any CPU.ActiveCfg = Debug|Any CPU
		{9AF1BD8F-B540-4772-913D-53BBD85D35B7}.Debug|Any CPU.Build.0 = Debug|Any CPU
		{9AF1BD8F-B540-4772-913D-53BBD85D35B7}.Release|Any CPU.ActiveCfg = Release|Any CPU
		{9AF1BD8F-B540-4772-913D-53BBD85D35B7}.Release|Any CPU.Build.0 = Release|Any CPU
		{8F161E63-2B31-4ADE-B3B7-8E8AD969983D}.Debug|Any CPU.ActiveCfg = Debug|Any CPU
		{8F161E63-2B31-4ADE-B3B7-8E8AD969983D}.Debug|Any CPU.Build.0 = Debug|Any CPU
		{8F161E63-2B31-4ADE-B3B7-8E8AD969983D}.Release|Any CPU.ActiveCfg = Release|Any CPU
		{8F161E63-2B31-4ADE-B3B7-8E8AD969983D}.Release|Any CPU.Build.0 = Release|Any CPU
		{764F3BF3-6F3B-43AE-A358-52153A5DB47E}.Debug|Any CPU.ActiveCfg = Debug|Any CPU
		{764F3BF3-6F3B-43AE-A358-52153A5DB47E}.Debug|Any CPU.Build.0 = Debug|Any CPU
		{764F3BF3-6F3B-43AE-A358-52153A5DB47E}.Release|Any CPU.ActiveCfg = Release|Any CPU
		{764F3BF3-6F3B-43AE-A358-52153A5DB47E}.Release|Any CPU.Build.0 = Release|Any CPU
		{191CD118-1C46-4D6B-B23A-2F0135327556}.Debug|Any CPU.ActiveCfg = Debug|Any CPU
		{191CD118-1C46-4D6B-B23A-2F0135327556}.Debug|Any CPU.Build.0 = Debug|Any CPU
		{191CD118-1C46-4D6B-B23A-2F0135327556}.Release|Any CPU.ActiveCfg = Release|Any CPU
		{191CD118-1C46-4D6B-B23A-2F0135327556}.Release|Any CPU.Build.0 = Release|Any CPU
		{0D55BCA1-9AAD-4FFA-A19D-AD82C8BE460B}.Debug|Any CPU.ActiveCfg = Debug|Any CPU
		{0D55BCA1-9AAD-4FFA-A19D-AD82C8BE460B}.Debug|Any CPU.Build.0 = Debug|Any CPU
		{0D55BCA1-9AAD-4FFA-A19D-AD82C8BE460B}.Release|Any CPU.ActiveCfg = Release|Any CPU
		{0D55BCA1-9AAD-4FFA-A19D-AD82C8BE460B}.Release|Any CPU.Build.0 = Release|Any CPU
		{DFE7C1D1-E8A8-4416-A758-C4FFE0E48448}.Debug|Any CPU.ActiveCfg = Debug|Any CPU
		{DFE7C1D1-E8A8-4416-A758-C4FFE0E48448}.Debug|Any CPU.Build.0 = Debug|Any CPU
		{DFE7C1D1-E8A8-4416-A758-C4FFE0E48448}.Release|Any CPU.ActiveCfg = Release|Any CPU
		{DFE7C1D1-E8A8-4416-A758-C4FFE0E48448}.Release|Any CPU.Build.0 = Release|Any CPU
		{4F3674D4-72A4-4949-B4F1-FD7358632919}.Debug|Any CPU.ActiveCfg = Debug|Any CPU
		{4F3674D4-72A4-4949-B4F1-FD7358632919}.Debug|Any CPU.Build.0 = Debug|Any CPU
		{4F3674D4-72A4-4949-B4F1-FD7358632919}.Release|Any CPU.ActiveCfg = Release|Any CPU
		{4F3674D4-72A4-4949-B4F1-FD7358632919}.Release|Any CPU.Build.0 = Release|Any CPU
		{53E7C0A7-1F92-4C66-9E02-CF25EB609740}.Debug|Any CPU.ActiveCfg = Debug|Any CPU
		{53E7C0A7-1F92-4C66-9E02-CF25EB609740}.Debug|Any CPU.Build.0 = Debug|Any CPU
		{53E7C0A7-1F92-4C66-9E02-CF25EB609740}.Release|Any CPU.ActiveCfg = Release|Any CPU
		{53E7C0A7-1F92-4C66-9E02-CF25EB609740}.Release|Any CPU.Build.0 = Release|Any CPU
		{8B55C627-6B19-4F82-A0A4-2B53E2D318AF}.Debug|Any CPU.ActiveCfg = Debug|Any CPU
		{8B55C627-6B19-4F82-A0A4-2B53E2D318AF}.Debug|Any CPU.Build.0 = Debug|Any CPU
		{8B55C627-6B19-4F82-A0A4-2B53E2D318AF}.Release|Any CPU.ActiveCfg = Release|Any CPU
		{8B55C627-6B19-4F82-A0A4-2B53E2D318AF}.Release|Any CPU.Build.0 = Release|Any CPU
		{FAB4F471-CA8B-44EF-BCD8-546356DA4E22}.Debug|Any CPU.ActiveCfg = Debug|Any CPU
		{FAB4F471-CA8B-44EF-BCD8-546356DA4E22}.Debug|Any CPU.Build.0 = Debug|Any CPU
		{FAB4F471-CA8B-44EF-BCD8-546356DA4E22}.Release|Any CPU.ActiveCfg = Release|Any CPU
		{FAB4F471-CA8B-44EF-BCD8-546356DA4E22}.Release|Any CPU.Build.0 = Release|Any CPU
		{FEF998A2-BA3B-42BD-84DE-A7D92FC12645}.Debug|Any CPU.ActiveCfg = Debug|Any CPU
		{FEF998A2-BA3B-42BD-84DE-A7D92FC12645}.Debug|Any CPU.Build.0 = Debug|Any CPU
		{FEF998A2-BA3B-42BD-84DE-A7D92FC12645}.Release|Any CPU.ActiveCfg = Release|Any CPU
		{FEF998A2-BA3B-42BD-84DE-A7D92FC12645}.Release|Any CPU.Build.0 = Release|Any CPU
		{31D05EDF-635E-4220-B88E-949FAD3E1F19}.Debug|Any CPU.ActiveCfg = Debug|Any CPU
		{31D05EDF-635E-4220-B88E-949FAD3E1F19}.Debug|Any CPU.Build.0 = Debug|Any CPU
		{31D05EDF-635E-4220-B88E-949FAD3E1F19}.Release|Any CPU.ActiveCfg = Release|Any CPU
		{31D05EDF-635E-4220-B88E-949FAD3E1F19}.Release|Any CPU.Build.0 = Release|Any CPU
		{EF48DAF8-769E-4D86-8E99-F0AA748B418E}.Debug|Any CPU.ActiveCfg = Debug|Any CPU
		{EF48DAF8-769E-4D86-8E99-F0AA748B418E}.Debug|Any CPU.Build.0 = Debug|Any CPU
		{EF48DAF8-769E-4D86-8E99-F0AA748B418E}.Release|Any CPU.ActiveCfg = Release|Any CPU
		{EF48DAF8-769E-4D86-8E99-F0AA748B418E}.Release|Any CPU.Build.0 = Release|Any CPU
		{04343A9D-40FE-4237-89D1-29769C72B6A0}.Debug|Any CPU.ActiveCfg = Debug|Any CPU
		{04343A9D-40FE-4237-89D1-29769C72B6A0}.Debug|Any CPU.Build.0 = Debug|Any CPU
		{04343A9D-40FE-4237-89D1-29769C72B6A0}.Release|Any CPU.ActiveCfg = Release|Any CPU
		{04343A9D-40FE-4237-89D1-29769C72B6A0}.Release|Any CPU.Build.0 = Release|Any CPU
		{E43AC6C2-D899-40C6-90AE-1EEF4C2B886A}.Debug|Any CPU.ActiveCfg = Debug|Any CPU
		{E43AC6C2-D899-40C6-90AE-1EEF4C2B886A}.Debug|Any CPU.Build.0 = Debug|Any CPU
		{E43AC6C2-D899-40C6-90AE-1EEF4C2B886A}.Release|Any CPU.ActiveCfg = Release|Any CPU
		{E43AC6C2-D899-40C6-90AE-1EEF4C2B886A}.Release|Any CPU.Build.0 = Release|Any CPU
		{A3A71D8A-5355-4EA1-8E9A-B7DAE05544D0}.Debug|Any CPU.ActiveCfg = Debug|Any CPU
		{A3A71D8A-5355-4EA1-8E9A-B7DAE05544D0}.Debug|Any CPU.Build.0 = Debug|Any CPU
		{A3A71D8A-5355-4EA1-8E9A-B7DAE05544D0}.Release|Any CPU.ActiveCfg = Release|Any CPU
		{A3A71D8A-5355-4EA1-8E9A-B7DAE05544D0}.Release|Any CPU.Build.0 = Release|Any CPU
		{3DE96069-D6DB-441B-9D89-6B10D3DF9DAE}.Debug|Any CPU.ActiveCfg = Debug|Any CPU
		{3DE96069-D6DB-441B-9D89-6B10D3DF9DAE}.Debug|Any CPU.Build.0 = Debug|Any CPU
		{3DE96069-D6DB-441B-9D89-6B10D3DF9DAE}.Release|Any CPU.ActiveCfg = Release|Any CPU
		{3DE96069-D6DB-441B-9D89-6B10D3DF9DAE}.Release|Any CPU.Build.0 = Release|Any CPU
		{BF002817-C874-41B6-9BB1-F4A3CD4C151C}.Debug|Any CPU.ActiveCfg = Debug|Any CPU
		{BF002817-C874-41B6-9BB1-F4A3CD4C151C}.Debug|Any CPU.Build.0 = Debug|Any CPU
		{BF002817-C874-41B6-9BB1-F4A3CD4C151C}.Release|Any CPU.ActiveCfg = Release|Any CPU
		{BF002817-C874-41B6-9BB1-F4A3CD4C151C}.Release|Any CPU.Build.0 = Release|Any CPU
		{F6AEB848-BF0D-434F-B39E-B3666DF3371F}.Debug|Any CPU.ActiveCfg = Debug|Any CPU
		{F6AEB848-BF0D-434F-B39E-B3666DF3371F}.Debug|Any CPU.Build.0 = Debug|Any CPU
		{F6AEB848-BF0D-434F-B39E-B3666DF3371F}.Release|Any CPU.ActiveCfg = Release|Any CPU
		{F6AEB848-BF0D-434F-B39E-B3666DF3371F}.Release|Any CPU.Build.0 = Release|Any CPU
	EndGlobalSection
	GlobalSection(SolutionProperties) = preSolution
		HideSolutionNode = FALSE
	EndGlobalSection
	GlobalSection(NestedProjects) = preSolution
		{BD832CF4-90DB-49DC-A079-6CE1F1B6D8DE} = {BF28A311-0770-4849-9794-414C4BA3EFCD}
		{C6EFCDD0-0D1B-43FB-888B-F5EB122F0166} = {BF28A311-0770-4849-9794-414C4BA3EFCD}
		{9A74A16E-CF69-4135-B850-662F56A93F21} = {BF28A311-0770-4849-9794-414C4BA3EFCD}
		{9AF1BD8F-B540-4772-913D-53BBD85D35B7} = {BF28A311-0770-4849-9794-414C4BA3EFCD}
		{8F161E63-2B31-4ADE-B3B7-8E8AD969983D} = {BF28A311-0770-4849-9794-414C4BA3EFCD}
		{764F3BF3-6F3B-43AE-A358-52153A5DB47E} = {9E0A53BA-21EB-4298-9579-A0FD9094447C}
		{191CD118-1C46-4D6B-B23A-2F0135327556} = {DE008914-924A-4B17-9D99-8D214E62A72F}
		{0D55BCA1-9AAD-4FFA-A19D-AD82C8BE460B} = {50C315C1-E61B-44B5-A120-621C410BF7B5}
		{DFE7C1D1-E8A8-4416-A758-C4FFE0E48448} = {9DA46D96-AA74-4A22-A7A3-1906F14D0B68}
		{4F3674D4-72A4-4949-B4F1-FD7358632919} = {2F4D5288-E6CC-458E-8625-38C357A971A4}
		{53E7C0A7-1F92-4C66-9E02-CF25EB609740} = {9C5A95E2-5FFB-4E5D-9826-D887A8CCAB46}
		{8B55C627-6B19-4F82-A0A4-2B53E2D318AF} = {22C78D27-F77C-49F1-BB60-A5A68AC666E8}
		{FAB4F471-CA8B-44EF-BCD8-546356DA4E22} = {595A9886-3F21-40AA-B95D-C828ECBA20D5}
		{FEF998A2-BA3B-42BD-84DE-A7D92FC12645} = {595A9886-3F21-40AA-B95D-C828ECBA20D5}
		{31D05EDF-635E-4220-B88E-949FAD3E1F19} = {9E0A53BA-21EB-4298-9579-A0FD9094447C}
		{EF48DAF8-769E-4D86-8E99-F0AA748B418E} = {50C315C1-E61B-44B5-A120-621C410BF7B5}
		{04343A9D-40FE-4237-89D1-29769C72B6A0} = {50C315C1-E61B-44B5-A120-621C410BF7B5}
		{E43AC6C2-D899-40C6-90AE-1EEF4C2B886A} = {50C315C1-E61B-44B5-A120-621C410BF7B5}
		{A3A71D8A-5355-4EA1-8E9A-B7DAE05544D0} = {50C315C1-E61B-44B5-A120-621C410BF7B5}
		{3DE96069-D6DB-441B-9D89-6B10D3DF9DAE} = {50C315C1-E61B-44B5-A120-621C410BF7B5}
		{BF002817-C874-41B6-9BB1-F4A3CD4C151C} = {9C1ACAA5-6F2E-447E-B6A1-E2B49A0F1E0A}
		{F6AEB848-BF0D-434F-B39E-B3666DF3371F} = {9C1ACAA5-6F2E-447E-B6A1-E2B49A0F1E0A}
	EndGlobalSection
	GlobalSection(ExtensibilityGlobals) = postSolution
		SolutionGuid = {D94D9173-A01D-454A-B7AC-5B639D5F6A0E}
	EndGlobalSection
EndGlobal
